// !$*UTF8*$!
{
	archiveVersion = 1;
	classes = {
	};
	objectVersion = 50;
	objects = {

/* Begin PBXBuildFile section */
		C5307C4F25F819C700E51C44 /* AppDelegate.swift in Sources */ = {isa = PBXBuildFile; fileRef = C5307C4E25F819C700E51C44 /* AppDelegate.swift */; };
		C5307C5125F819C700E51C44 /* SceneDelegate.swift in Sources */ = {isa = PBXBuildFile; fileRef = C5307C5025F819C700E51C44 /* SceneDelegate.swift */; };
		C5307C5325F819C700E51C44 /* ContentView.swift in Sources */ = {isa = PBXBuildFile; fileRef = C5307C5225F819C700E51C44 /* ContentView.swift */; };
		C5307C5525F819C800E51C44 /* Assets.xcassets in Resources */ = {isa = PBXBuildFile; fileRef = C5307C5425F819C800E51C44 /* Assets.xcassets */; };
		C5307C5825F819C800E51C44 /* Preview Assets.xcassets in Resources */ = {isa = PBXBuildFile; fileRef = C5307C5725F819C800E51C44 /* Preview Assets.xcassets */; };
		C5307C5B25F819C800E51C44 /* LaunchScreen.storyboard in Resources */ = {isa = PBXBuildFile; fileRef = C5307C5925F819C800E51C44 /* LaunchScreen.storyboard */; };
		C5307C6625F819C800E51C44 /* weatherAppTests.swift in Sources */ = {isa = PBXBuildFile; fileRef = C5307C6525F819C800E51C44 /* weatherAppTests.swift */; };
		C5307C7125F819C800E51C44 /* weatherAppUITests.swift in Sources */ = {isa = PBXBuildFile; fileRef = C5307C7025F819C800E51C44 /* weatherAppUITests.swift */; };
/* End PBXBuildFile section */

/* Begin PBXContainerItemProxy section */
		C5307C6225F819C800E51C44 /* PBXContainerItemProxy */ = {
			isa = PBXContainerItemProxy;
			containerPortal = C5307C4325F819C700E51C44 /* Project object */;
			proxyType = 1;
			remoteGlobalIDString = C5307C4A25F819C700E51C44;
			remoteInfo = weatherApp;
		};
		C5307C6D25F819C800E51C44 /* PBXContainerItemProxy */ = {
			isa = PBXContainerItemProxy;
			containerPortal = C5307C4325F819C700E51C44 /* Project object */;
			proxyType = 1;
			remoteGlobalIDString = C5307C4A25F819C700E51C44;
			remoteInfo = weatherApp;
		};
/* End PBXContainerItemProxy section */

/* Begin PBXFileReference section */
		C5307C4B25F819C700E51C44 /* weatherApp.app */ = {isa = PBXFileReference; explicitFileType = wrapper.application; includeInIndex = 0; path = weatherApp.app; sourceTree = BUILT_PRODUCTS_DIR; };
		C5307C4E25F819C700E51C44 /* AppDelegate.swift */ = {isa = PBXFileReference; lastKnownFileType = sourcecode.swift; path = AppDelegate.swift; sourceTree = "<group>"; };
		C5307C5025F819C700E51C44 /* SceneDelegate.swift */ = {isa = PBXFileReference; lastKnownFileType = sourcecode.swift; path = SceneDelegate.swift; sourceTree = "<group>"; };
		C5307C5225F819C700E51C44 /* ContentView.swift */ = {isa = PBXFileReference; lastKnownFileType = sourcecode.swift; path = ContentView.swift; sourceTree = "<group>"; };
		C5307C5425F819C800E51C44 /* Assets.xcassets */ = {isa = PBXFileReference; lastKnownFileType = folder.assetcatalog; path = Assets.xcassets; sourceTree = "<group>"; };
		C5307C5725F819C800E51C44 /* Preview Assets.xcassets */ = {isa = PBXFileReference; lastKnownFileType = folder.assetcatalog; path = "Preview Assets.xcassets"; sourceTree = "<group>"; };
		C5307C5A25F819C800E51C44 /* Base */ = {isa = PBXFileReference; lastKnownFileType = file.storyboard; name = Base; path = Base.lproj/LaunchScreen.storyboard; sourceTree = "<group>"; };
		C5307C5C25F819C800E51C44 /* Info.plist */ = {isa = PBXFileReference; lastKnownFileType = text.plist.xml; path = Info.plist; sourceTree = "<group>"; };
		C5307C6125F819C800E51C44 /* weatherAppTests.xctest */ = {isa = PBXFileReference; explicitFileType = wrapper.cfbundle; includeInIndex = 0; path = weatherAppTests.xctest; sourceTree = BUILT_PRODUCTS_DIR; };
		C5307C6525F819C800E51C44 /* weatherAppTests.swift */ = {isa = PBXFileReference; lastKnownFileType = sourcecode.swift; path = weatherAppTests.swift; sourceTree = "<group>"; };
		C5307C6725F819C800E51C44 /* Info.plist */ = {isa = PBXFileReference; lastKnownFileType = text.plist.xml; path = Info.plist; sourceTree = "<group>"; };
		C5307C6C25F819C800E51C44 /* weatherAppUITests.xctest */ = {isa = PBXFileReference; explicitFileType = wrapper.cfbundle; includeInIndex = 0; path = weatherAppUITests.xctest; sourceTree = BUILT_PRODUCTS_DIR; };
		C5307C7025F819C800E51C44 /* weatherAppUITests.swift */ = {isa = PBXFileReference; lastKnownFileType = sourcecode.swift; path = weatherAppUITests.swift; sourceTree = "<group>"; };
		C5307C7225F819C800E51C44 /* Info.plist */ = {isa = PBXFileReference; lastKnownFileType = text.plist.xml; path = Info.plist; sourceTree = "<group>"; };
/* End PBXFileReference section */

/* Begin PBXFrameworksBuildPhase section */
		C5307C4825F819C700E51C44 /* Frameworks */ = {
			isa = PBXFrameworksBuildPhase;
			buildActionMask = 2147483647;
			files = (
			);
			runOnlyForDeploymentPostprocessing = 0;
		};
		C5307C5E25F819C800E51C44 /* Frameworks */ = {
			isa = PBXFrameworksBuildPhase;
			buildActionMask = 2147483647;
			files = (
			);
			runOnlyForDeploymentPostprocessing = 0;
		};
		C5307C6925F819C800E51C44 /* Frameworks */ = {
			isa = PBXFrameworksBuildPhase;
			buildActionMask = 2147483647;
			files = (
			);
			runOnlyForDeploymentPostprocessing = 0;
		};
/* End PBXFrameworksBuildPhase section */

/* Begin PBXGroup section */
		C5307C4225F819C700E51C44 = {
			isa = PBXGroup;
			children = (
				C5307C4D25F819C700E51C44 /* weatherApp */,
				C5307C6425F819C800E51C44 /* weatherAppTests */,
				C5307C6F25F819C800E51C44 /* weatherAppUITests */,
				C5307C4C25F819C700E51C44 /* Products */,
			);
			sourceTree = "<group>";
		};
		C5307C4C25F819C700E51C44 /* Products */ = {
			isa = PBXGroup;
			children = (
				C5307C4B25F819C700E51C44 /* weatherApp.app */,
				C5307C6125F819C800E51C44 /* weatherAppTests.xctest */,
				C5307C6C25F819C800E51C44 /* weatherAppUITests.xctest */,
			);
			name = Products;
			sourceTree = "<group>";
		};
		C5307C4D25F819C700E51C44 /* weatherApp */ = {
			isa = PBXGroup;
			children = (
				C5307C4E25F819C700E51C44 /* AppDelegate.swift */,
				C5307C5025F819C700E51C44 /* SceneDelegate.swift */,
				C5307C5225F819C700E51C44 /* ContentView.swift */,
				C5307C5425F819C800E51C44 /* Assets.xcassets */,
				C5307C5925F819C800E51C44 /* LaunchScreen.storyboard */,
				C5307C5C25F819C800E51C44 /* Info.plist */,
				C5307C5625F819C800E51C44 /* Preview Content */,
			);
			path = weatherApp;
			sourceTree = "<group>";
		};
		C5307C5625F819C800E51C44 /* Preview Content */ = {
			isa = PBXGroup;
			children = (
				C5307C5725F819C800E51C44 /* Preview Assets.xcassets */,
			);
			path = "Preview Content";
			sourceTree = "<group>";
		};
		C5307C6425F819C800E51C44 /* weatherAppTests */ = {
			isa = PBXGroup;
			children = (
				C5307C6525F819C800E51C44 /* weatherAppTests.swift */,
				C5307C6725F819C800E51C44 /* Info.plist */,
			);
			path = weatherAppTests;
			sourceTree = "<group>";
		};
		C5307C6F25F819C800E51C44 /* weatherAppUITests */ = {
			isa = PBXGroup;
			children = (
				C5307C7025F819C800E51C44 /* weatherAppUITests.swift */,
				C5307C7225F819C800E51C44 /* Info.plist */,
			);
			path = weatherAppUITests;
			sourceTree = "<group>";
		};
/* End PBXGroup section */

/* Begin PBXNativeTarget section */
		C5307C4A25F819C700E51C44 /* weatherApp */ = {
			isa = PBXNativeTarget;
			buildConfigurationList = C5307C7525F819C800E51C44 /* Build configuration list for PBXNativeTarget "weatherApp" */;
			buildPhases = (
				C5307C4725F819C700E51C44 /* Sources */,
				C5307C4825F819C700E51C44 /* Frameworks */,
				C5307C4925F819C700E51C44 /* Resources */,
			);
			buildRules = (
			);
			dependencies = (
			);
			name = weatherApp;
			productName = weatherApp;
			productReference = C5307C4B25F819C700E51C44 /* weatherApp.app */;
			productType = "com.apple.product-type.application";
		};
		C5307C6025F819C800E51C44 /* weatherAppTests */ = {
			isa = PBXNativeTarget;
			buildConfigurationList = C5307C7825F819C800E51C44 /* Build configuration list for PBXNativeTarget "weatherAppTests" */;
			buildPhases = (
				C5307C5D25F819C800E51C44 /* Sources */,
				C5307C5E25F819C800E51C44 /* Frameworks */,
				C5307C5F25F819C800E51C44 /* Resources */,
			);
			buildRules = (
			);
			dependencies = (
				C5307C6325F819C800E51C44 /* PBXTargetDependency */,
			);
			name = weatherAppTests;
			productName = weatherAppTests;
			productReference = C5307C6125F819C800E51C44 /* weatherAppTests.xctest */;
			productType = "com.apple.product-type.bundle.unit-test";
		};
		C5307C6B25F819C800E51C44 /* weatherAppUITests */ = {
			isa = PBXNativeTarget;
			buildConfigurationList = C5307C7B25F819C800E51C44 /* Build configuration list for PBXNativeTarget "weatherAppUITests" */;
			buildPhases = (
				C5307C6825F819C800E51C44 /* Sources */,
				C5307C6925F819C800E51C44 /* Frameworks */,
				C5307C6A25F819C800E51C44 /* Resources */,
			);
			buildRules = (
			);
			dependencies = (
				C5307C6E25F819C800E51C44 /* PBXTargetDependency */,
			);
			name = weatherAppUITests;
			productName = weatherAppUITests;
			productReference = C5307C6C25F819C800E51C44 /* weatherAppUITests.xctest */;
			productType = "com.apple.product-type.bundle.ui-testing";
		};
/* End PBXNativeTarget section */

/* Begin PBXProject section */
		C5307C4325F819C700E51C44 /* Project object */ = {
			isa = PBXProject;
			attributes = {
				LastSwiftUpdateCheck = 1200;
				LastUpgradeCheck = 1200;
				TargetAttributes = {
					C5307C4A25F819C700E51C44 = {
						CreatedOnToolsVersion = 12.0;
					};
					C5307C6025F819C800E51C44 = {
						CreatedOnToolsVersion = 12.0;
						TestTargetID = C5307C4A25F819C700E51C44;
					};
					C5307C6B25F819C800E51C44 = {
						CreatedOnToolsVersion = 12.0;
						TestTargetID = C5307C4A25F819C700E51C44;
					};
				};
			};
			buildConfigurationList = C5307C4625F819C700E51C44 /* Build configuration list for PBXProject "weatherApp" */;
			compatibilityVersion = "Xcode 9.3";
			developmentRegion = en;
			hasScannedForEncodings = 0;
			knownRegions = (
				en,
				Base,
			);
			mainGroup = C5307C4225F819C700E51C44;
			productRefGroup = C5307C4C25F819C700E51C44 /* Products */;
			projectDirPath = "";
			projectRoot = "";
			targets = (
				C5307C4A25F819C700E51C44 /* weatherApp */,
				C5307C6025F819C800E51C44 /* weatherAppTests */,
				C5307C6B25F819C800E51C44 /* weatherAppUITests */,
			);
		};
/* End PBXProject section */

/* Begin PBXResourcesBuildPhase section */
		C5307C4925F819C700E51C44 /* Resources */ = {
			isa = PBXResourcesBuildPhase;
			buildActionMask = 2147483647;
			files = (
				C5307C5B25F819C800E51C44 /* LaunchScreen.storyboard in Resources */,
				C5307C5825F819C800E51C44 /* Preview Assets.xcassets in Resources */,
				C5307C5525F819C800E51C44 /* Assets.xcassets in Resources */,
			);
			runOnlyForDeploymentPostprocessing = 0;
		};
		C5307C5F25F819C800E51C44 /* Resources */ = {
			isa = PBXResourcesBuildPhase;
			buildActionMask = 2147483647;
			files = (
			);
			runOnlyForDeploymentPostprocessing = 0;
		};
		C5307C6A25F819C800E51C44 /* Resources */ = {
			isa = PBXResourcesBuildPhase;
			buildActionMask = 2147483647;
			files = (
			);
			runOnlyForDeploymentPostprocessing = 0;
		};
/* End PBXResourcesBuildPhase section */

/* Begin PBXSourcesBuildPhase section */
		C5307C4725F819C700E51C44 /* Sources */ = {
			isa = PBXSourcesBuildPhase;
			buildActionMask = 2147483647;
			files = (
				C5307C4F25F819C700E51C44 /* AppDelegate.swift in Sources */,
				C5307C5125F819C700E51C44 /* SceneDelegate.swift in Sources */,
				C5307C5325F819C700E51C44 /* ContentView.swift in Sources */,
			);
			runOnlyForDeploymentPostprocessing = 0;
		};
		C5307C5D25F819C800E51C44 /* Sources */ = {
			isa = PBXSourcesBuildPhase;
			buildActionMask = 2147483647;
			files = (
				C5307C6625F819C800E51C44 /* weatherAppTests.swift in Sources */,
			);
			runOnlyForDeploymentPostprocessing = 0;
		};
		C5307C6825F819C800E51C44 /* Sources */ = {
			isa = PBXSourcesBuildPhase;
			buildActionMask = 2147483647;
			files = (
				C5307C7125F819C800E51C44 /* weatherAppUITests.swift in Sources */,
			);
			runOnlyForDeploymentPostprocessing = 0;
		};
/* End PBXSourcesBuildPhase section */

/* Begin PBXTargetDependency section */
		C5307C6325F819C800E51C44 /* PBXTargetDependency */ = {
			isa = PBXTargetDependency;
			target = C5307C4A25F819C700E51C44 /* weatherApp */;
			targetProxy = C5307C6225F819C800E51C44 /* PBXContainerItemProxy */;
		};
		C5307C6E25F819C800E51C44 /* PBXTargetDependency */ = {
			isa = PBXTargetDependency;
			target = C5307C4A25F819C700E51C44 /* weatherApp */;
			targetProxy = C5307C6D25F819C800E51C44 /* PBXContainerItemProxy */;
		};
/* End PBXTargetDependency section */

/* Begin PBXVariantGroup section */
		C5307C5925F819C800E51C44 /* LaunchScreen.storyboard */ = {
			isa = PBXVariantGroup;
			children = (
				C5307C5A25F819C800E51C44 /* Base */,
			);
			name = LaunchScreen.storyboard;
			sourceTree = "<group>";
		};
/* End PBXVariantGroup section */

/* Begin XCBuildConfiguration section */
		C5307C7325F819C800E51C44 /* Debug */ = {
			isa = XCBuildConfiguration;
			buildSettings = {
				ALWAYS_SEARCH_USER_PATHS = NO;
				CLANG_ANALYZER_NONNULL = YES;
				CLANG_ANALYZER_NUMBER_OBJECT_CONVERSION = YES_AGGRESSIVE;
				CLANG_CXX_LANGUAGE_STANDARD = "gnu++14";
				CLANG_CXX_LIBRARY = "libc++";
				CLANG_ENABLE_MODULES = YES;
				CLANG_ENABLE_OBJC_ARC = YES;
				CLANG_ENABLE_OBJC_WEAK = YES;
				CLANG_WARN_BLOCK_CAPTURE_AUTORELEASING = YES;
				CLANG_WARN_BOOL_CONVERSION = YES;
				CLANG_WARN_COMMA = YES;
				CLANG_WARN_CONSTANT_CONVERSION = YES;
				CLANG_WARN_DEPRECATED_OBJC_IMPLEMENTATIONS = YES;
				CLANG_WARN_DIRECT_OBJC_ISA_USAGE = YES_ERROR;
				CLANG_WARN_DOCUMENTATION_COMMENTS = YES;
				CLANG_WARN_EMPTY_BODY = YES;
				CLANG_WARN_ENUM_CONVERSION = YES;
				CLANG_WARN_INFINITE_RECURSION = YES;
				CLANG_WARN_INT_CONVERSION = YES;
				CLANG_WARN_NON_LITERAL_NULL_CONVERSION = YES;
				CLANG_WARN_OBJC_IMPLICIT_RETAIN_SELF = YES;
				CLANG_WARN_OBJC_LITERAL_CONVERSION = YES;
				CLANG_WARN_OBJC_ROOT_CLASS = YES_ERROR;
				CLANG_WARN_QUOTED_INCLUDE_IN_FRAMEWORK_HEADER = YES;
				CLANG_WARN_RANGE_LOOP_ANALYSIS = YES;
				CLANG_WARN_STRICT_PROTOTYPES = YES;
				CLANG_WARN_SUSPICIOUS_MOVE = YES;
				CLANG_WARN_UNGUARDED_AVAILABILITY = YES_AGGRESSIVE;
				CLANG_WARN_UNREACHABLE_CODE = YES;
				CLANG_WARN__DUPLICATE_METHOD_MATCH = YES;
				COPY_PHASE_STRIP = NO;
				DEBUG_INFORMATION_FORMAT = dwarf;
				ENABLE_STRICT_OBJC_MSGSEND = YES;
				ENABLE_TESTABILITY = YES;
				GCC_C_LANGUAGE_STANDARD = gnu11;
				GCC_DYNAMIC_NO_PIC = NO;
				GCC_NO_COMMON_BLOCKS = YES;
				GCC_OPTIMIZATION_LEVEL = 0;
				GCC_PREPROCESSOR_DEFINITIONS = (
					"DEBUG=1",
					"$(inherited)",
				);
				GCC_WARN_64_TO_32_BIT_CONVERSION = YES;
				GCC_WARN_ABOUT_RETURN_TYPE = YES_ERROR;
				GCC_WARN_UNDECLARED_SELECTOR = YES;
				GCC_WARN_UNINITIALIZED_AUTOS = YES_AGGRESSIVE;
				GCC_WARN_UNUSED_FUNCTION = YES;
				GCC_WARN_UNUSED_VARIABLE = YES;
				IPHONEOS_DEPLOYMENT_TARGET = 14.0;
				MTL_ENABLE_DEBUG_INFO = INCLUDE_SOURCE;
				MTL_FAST_MATH = YES;
				ONLY_ACTIVE_ARCH = YES;
				SDKROOT = iphoneos;
				SWIFT_ACTIVE_COMPILATION_CONDITIONS = DEBUG;
				SWIFT_OPTIMIZATION_LEVEL = "-Onone";
			};
			name = Debug;
		};
		C5307C7425F819C800E51C44 /* Release */ = {
			isa = XCBuildConfiguration;
			buildSettings = {
				ALWAYS_SEARCH_USER_PATHS = NO;
				CLANG_ANALYZER_NONNULL = YES;
				CLANG_ANALYZER_NUMBER_OBJECT_CONVERSION = YES_AGGRESSIVE;
				CLANG_CXX_LANGUAGE_STANDARD = "gnu++14";
				CLANG_CXX_LIBRARY = "libc++";
				CLANG_ENABLE_MODULES = YES;
				CLANG_ENABLE_OBJC_ARC = YES;
				CLANG_ENABLE_OBJC_WEAK = YES;
				CLANG_WARN_BLOCK_CAPTURE_AUTORELEASING = YES;
				CLANG_WARN_BOOL_CONVERSION = YES;
				CLANG_WARN_COMMA = YES;
				CLANG_WARN_CONSTANT_CONVERSION = YES;
				CLANG_WARN_DEPRECATED_OBJC_IMPLEMENTATIONS = YES;
				CLANG_WARN_DIRECT_OBJC_ISA_USAGE = YES_ERROR;
				CLANG_WARN_DOCUMENTATION_COMMENTS = YES;
				CLANG_WARN_EMPTY_BODY = YES;
				CLANG_WARN_ENUM_CONVERSION = YES;
				CLANG_WARN_INFINITE_RECURSION = YES;
				CLANG_WARN_INT_CONVERSION = YES;
				CLANG_WARN_NON_LITERAL_NULL_CONVERSION = YES;
				CLANG_WARN_OBJC_IMPLICIT_RETAIN_SELF = YES;
				CLANG_WARN_OBJC_LITERAL_CONVERSION = YES;
				CLANG_WARN_OBJC_ROOT_CLASS = YES_ERROR;
				CLANG_WARN_QUOTED_INCLUDE_IN_FRAMEWORK_HEADER = YES;
				CLANG_WARN_RANGE_LOOP_ANALYSIS = YES;
				CLANG_WARN_STRICT_PROTOTYPES = YES;
				CLANG_WARN_SUSPICIOUS_MOVE = YES;
				CLANG_WARN_UNGUARDED_AVAILABILITY = YES_AGGRESSIVE;
				CLANG_WARN_UNREACHABLE_CODE = YES;
				CLANG_WARN__DUPLICATE_METHOD_MATCH = YES;
				COPY_PHASE_STRIP = NO;
				DEBUG_INFORMATION_FORMAT = "dwarf-with-dsym";
				ENABLE_NS_ASSERTIONS = NO;
				ENABLE_STRICT_OBJC_MSGSEND = YES;
				GCC_C_LANGUAGE_STANDARD = gnu11;
				GCC_NO_COMMON_BLOCKS = YES;
				GCC_WARN_64_TO_32_BIT_CONVERSION = YES;
				GCC_WARN_ABOUT_RETURN_TYPE = YES_ERROR;
				GCC_WARN_UNDECLARED_SELECTOR = YES;
				GCC_WARN_UNINITIALIZED_AUTOS = YES_AGGRESSIVE;
				GCC_WARN_UNUSED_FUNCTION = YES;
				GCC_WARN_UNUSED_VARIABLE = YES;
				IPHONEOS_DEPLOYMENT_TARGET = 14.0;
				MTL_ENABLE_DEBUG_INFO = NO;
				MTL_FAST_MATH = YES;
				SDKROOT = iphoneos;
				SWIFT_COMPILATION_MODE = wholemodule;
				SWIFT_OPTIMIZATION_LEVEL = "-O";
				VALIDATE_PRODUCT = YES;
			};
			name = Release;
		};
		C5307C7625F819C800E51C44 /* Debug */ = {
			isa = XCBuildConfiguration;
			buildSettings = {
				ASSETCATALOG_COMPILER_APPICON_NAME = AppIcon;
				ASSETCATALOG_COMPILER_GLOBAL_ACCENT_COLOR_NAME = AccentColor;
				CODE_SIGN_STYLE = Automatic;
				DEVELOPMENT_ASSET_PATHS = "\"weatherApp/Preview Content\"";
				DEVELOPMENT_TEAM = NNZP58UQQ9;
				ENABLE_PREVIEWS = YES;
				INFOPLIST_FILE = weatherApp/Info.plist;
				LD_RUNPATH_SEARCH_PATHS = (
					"$(inherited)",
					"@executable_path/Frameworks",
				);
				PRODUCT_BUNDLE_IDENTIFIER = com.publicissapient.weatherApp;
				PRODUCT_NAME = "$(TARGET_NAME)";
				SWIFT_VERSION = 5.0;
				TARGETED_DEVICE_FAMILY = "1,2";
			};
			name = Debug;
		};
		C5307C7725F819C800E51C44 /* Release */ = {
			isa = XCBuildConfiguration;
			buildSettings = {
				ASSETCATALOG_COMPILER_APPICON_NAME = AppIcon;
				ASSETCATALOG_COMPILER_GLOBAL_ACCENT_COLOR_NAME = AccentColor;
				CODE_SIGN_STYLE = Automatic;
				DEVELOPMENT_ASSET_PATHS = "\"weatherApp/Preview Content\"";
				DEVELOPMENT_TEAM = NNZP58UQQ9;
				ENABLE_PREVIEWS = YES;
				INFOPLIST_FILE = weatherApp/Info.plist;
				LD_RUNPATH_SEARCH_PATHS = (
					"$(inherited)",
					"@executable_path/Frameworks",
				);
				PRODUCT_BUNDLE_IDENTIFIER = com.publicissapient.weatherApp;
				PRODUCT_NAME = "$(TARGET_NAME)";
				SWIFT_VERSION = 5.0;
				TARGETED_DEVICE_FAMILY = "1,2";
			};
			name = Release;
		};
		C5307C7925F819C800E51C44 /* Debug */ = {
			isa = XCBuildConfiguration;
			buildSettings = {
				ALWAYS_EMBED_SWIFT_STANDARD_LIBRARIES = YES;
				BUNDLE_LOADER = "$(TEST_HOST)";
				CODE_SIGN_STYLE = Automatic;
				DEVELOPMENT_TEAM = NNZP58UQQ9;
				INFOPLIST_FILE = weatherAppTests/Info.plist;
				IPHONEOS_DEPLOYMENT_TARGET = 14.0;
				LD_RUNPATH_SEARCH_PATHS = (
					"$(inherited)",
					"@executable_path/Frameworks",
					"@loader_path/Frameworks",
				);
				PRODUCT_BUNDLE_IDENTIFIER = com.publicissapient.weatherAppTests;
				PRODUCT_NAME = "$(TARGET_NAME)";
				SWIFT_VERSION = 5.0;
				TARGETED_DEVICE_FAMILY = "1,2";
				TEST_HOST = "$(BUILT_PRODUCTS_DIR)/weatherApp.app/weatherApp";
			};
			name = Debug;
		};
		C5307C7A25F819C800E51C44 /* Release */ = {
			isa = XCBuildConfiguration;
			buildSettings = {
				ALWAYS_EMBED_SWIFT_STANDARD_LIBRARIES = YES;
				BUNDLE_LOADER = "$(TEST_HOST)";
				CODE_SIGN_STYLE = Automatic;
				DEVELOPMENT_TEAM = NNZP58UQQ9;
				INFOPLIST_FILE = weatherAppTests/Info.plist;
				IPHONEOS_DEPLOYMENT_TARGET = 14.0;
				LD_RUNPATH_SEARCH_PATHS = (
					"$(inherited)",
					"@executable_path/Frameworks",
					"@loader_path/Frameworks",
				);
				PRODUCT_BUNDLE_IDENTIFIER = com.publicissapient.weatherAppTests;
				PRODUCT_NAME = "$(TARGET_NAME)";
				SWIFT_VERSION = 5.0;
				TARGETED_DEVICE_FAMILY = "1,2";
				TEST_HOST = "$(BUILT_PRODUCTS_DIR)/weatherApp.app/weatherApp";
			};
			name = Release;
		};
		C5307C7C25F819C800E51C44 /* Debug */ = {
			isa = XCBuildConfiguration;
			buildSettings = {
				ALWAYS_EMBED_SWIFT_STANDARD_LIBRARIES = YES;
				CODE_SIGN_STYLE = Automatic;
				DEVELOPMENT_TEAM = NNZP58UQQ9;
				INFOPLIST_FILE = weatherAppUITests/Info.plist;
				LD_RUNPATH_SEARCH_PATHS = (
					"$(inherited)",
					"@executable_path/Frameworks",
					"@loader_path/Frameworks",
				);
				PRODUCT_BUNDLE_IDENTIFIER = com.publicissapient.weatherAppUITests;
				PRODUCT_NAME = "$(TARGET_NAME)";
				SWIFT_VERSION = 5.0;
				TARGETED_DEVICE_FAMILY = "1,2";
				TEST_TARGET_NAME = weatherApp;
			};
			name = Debug;
		};
		C5307C7D25F819C800E51C44 /* Release */ = {
			isa = XCBuildConfiguration;
			buildSettings = {
				ALWAYS_EMBED_SWIFT_STANDARD_LIBRARIES = YES;
				CODE_SIGN_STYLE = Automatic;
				DEVELOPMENT_TEAM = NNZP58UQQ9;
				INFOPLIST_FILE = weatherAppUITests/Info.plist;
				LD_RUNPATH_SEARCH_PATHS = (
					"$(inherited)",
					"@executable_path/Frameworks",
					"@loader_path/Frameworks",
				);
				PRODUCT_BUNDLE_IDENTIFIER = com.publicissapient.weatherAppUITests;
				PRODUCT_NAME = "$(TARGET_NAME)";
				SWIFT_VERSION = 5.0;
				TARGETED_DEVICE_FAMILY = "1,2";
				TEST_TARGET_NAME = weatherApp;
			};
			name = Release;
		};
/* End XCBuildConfiguration section */

/* Begin XCConfigurationList section */
		C5307C4625F819C700E51C44 /* Build configuration list for PBXProject "weatherApp" */ = {
			isa = XCConfigurationList;
			buildConfigurations = (
				C5307C7325F819C800E51C44 /* Debug */,
				C5307C7425F819C800E51C44 /* Release */,
			);
			defaultConfigurationIsVisible = 0;
			defaultConfigurationName = Release;
		};
		C5307C7525F819C800E51C44 /* Build configuration list for PBXNativeTarget "weatherApp" */ = {
			isa = XCConfigurationList;
			buildConfigurations = (
				C5307C7625F819C800E51C44 /* Debug */,
				C5307C7725F819C800E51C44 /* Release */,
			);
			defaultConfigurationIsVisible = 0;
			defaultConfigurationName = Release;
		};
		C5307C7825F819C800E51C44 /* Build configuration list for PBXNativeTarget "weatherAppTests" */ = {
			isa = XCConfigurationList;
			buildConfigurations = (
				C5307C7925F819C800E51C44 /* Debug */,
				C5307C7A25F819C800E51C44 /* Release */,
			);
			defaultConfigurationIsVisible = 0;
			defaultConfigurationName = Release;
		};
		C5307C7B25F819C800E51C44 /* Build configuration list for PBXNativeTarget "weatherAppUITests" */ = {
			isa = XCConfigurationList;
			buildConfigurations = (
				C5307C7C25F819C800E51C44 /* Debug */,
				C5307C7D25F819C800E51C44 /* Release */,
			);
			defaultConfigurationIsVisible = 0;
			defaultConfigurationName = Release;
		};
/* End XCConfigurationList section */
	};
	rootObject = C5307C4325F819C700E51C44 /* Project object */;
}
